
Microsoft Visual Studio Solution File, Format Version 12.00
# Visual Studio 2013
VisualStudioVersion = 12.0.31101.0
MinimumVisualStudioVersion = 10.0.40219.1
Project("{FAE04EC0-301F-11D3-BF4B-00C04F79EFBC}") = "Security", "Source\Security\Security.csproj", "{D4EE9DC7-6A1A-4353-AEC5-E85CE24055B8}"
EndProject
Project("{FAE04EC0-301F-11D3-BF4B-00C04F79EFBC}") = "FluentNHibernate.Test", "Source\FluentNHibernate.Test\FluentNHibernate.Test.csproj", "{489DCEB2-2878-456A-AC11-579F016CBE16}"
EndProject
Project("{FAE04EC0-301F-11D3-BF4B-00C04F79EFBC}") = "Utils", "Source\Utils\Utils.csproj", "{AED8C752-BE39-4EF9-9B57-283E2A9D7CB3}"
EndProject
Project("{FAE04EC0-301F-11D3-BF4B-00C04F79EFBC}") = "CommonService", "Source\CommonService\CommonService.csproj", "{151824F0-BDD0-4D40-ADC3-D11F54B9A92E}"
EndProject
Project("{FAE04EC0-301F-11D3-BF4B-00C04F79EFBC}") = "Security.EntLib", "Source\Security.EntLib\Security.EntLib.csproj", "{00429868-D536-4EE1-BC9A-23781D6C9D0F}"
EndProject
Project("{FAE04EC0-301F-11D3-BF4B-00C04F79EFBC}") = "NhContrib.UserType", "Source\NhContrib.UserType\NhContrib.UserType.csproj", "{11E0B6A6-62CD-46A3-B1BD-06688ADAB8C0}"
EndProject
Project("{FAE04EC0-301F-11D3-BF4B-00C04F79EFBC}") = "WCFChannelManager", "Source\WCFChannelManager\WCFChannelManager.csproj", "{E94EB6C3-E81F-4C5C-BEDE-B4CC79D0E938}"
EndProject
Project("{FAE04EC0-301F-11D3-BF4B-00C04F79EFBC}") = "WCFErrorHandler", "Source\WCFErrorHandler\WCFErrorHandler.csproj", "{D874EB44-D24D-44A7-9519-205F9CD1C191}"
EndProject
Project("{2150E333-8FDC-42A3-9474-1A3956D46DE8}") = "NHibernate", "NHibernate", "{9FF75BD3-90D9-4C93-BF4C-7F876641A095}"
EndProject
Project("{2150E333-8FDC-42A3-9474-1A3956D46DE8}") = "WCF", "WCF", "{7E8EEF10-9E53-4ABD-9572-08EBEA62DAF5}"
EndProject
Project("{2150E333-8FDC-42A3-9474-1A3956D46DE8}") = "Common", "Common", "{24CC421D-6B1F-47D1-964C-21C69B58715A}"
EndProject
Project("{2150E333-8FDC-42A3-9474-1A3956D46DE8}") = "Sec", "Sec", "{38818751-81B4-440F-9BDD-20234B5085C3}"
EndProject
Project("{2150E333-8FDC-42A3-9474-1A3956D46DE8}") = "Spring", "Spring", "{C0FC5B0F-5765-45FF-8C64-C57615C1EBE0}"
EndProject
Project("{FAE04EC0-301F-11D3-BF4B-00C04F79EFBC}") = "Spring.EntLib5", "Source\Spring.EntLib5\Spring.EntLib5.csproj", "{A1B7BE4C-713E-41E7-A0A5-9F84C74452A7}"
EndProject
Project("{2150E333-8FDC-42A3-9474-1A3956D46DE8}") = "Web", "Web", "{97E0480F-934C-419A-AB48-87D22A1741FD}"
EndProject
Project("{FAE04EC0-301F-11D3-BF4B-00C04F79EFBC}") = "CommonWeb", "Source\CommonWeb\CommonWeb.csproj", "{513D7303-A709-459B-8782-A6DD6E9CE648}"
EndProject
Project("{FAE04EC0-301F-11D3-BF4B-00C04F79EFBC}") = "Common.Web.MVC", "Source\CommonWeb.MVC\Common.Web.MVC.csproj", "{CE923DC1-4099-4B6F-BC2D-0595B7B1C513}"
EndProject
Project("{FAE04EC0-301F-11D3-BF4B-00C04F79EFBC}") = "STUtils", "Source\STUtils\STUtils.csproj", "{064A003C-6722-4515-9F75-DE9E6A2B4265}"
EndProject
Project("{FAE04EC0-301F-11D3-BF4B-00C04F79EFBC}") = "WcfUtils", "Source\WcfUtils\WcfUtils.csproj", "{8D7CE13A-91BB-4ABF-A7F5-0D43AB22A5C8}"
EndProject
Project("{FAE04EC0-301F-11D3-BF4B-00C04F79EFBC}") = "SpringExtension", "Source\SpringExtension\SpringExtension.csproj", "{BEDA5FA5-A155-4272-9A7E-E31B51874269}"
EndProject
Project("{FAE04EC0-301F-11D3-BF4B-00C04F79EFBC}") = "SpringServiceLocator", "Source\SpringServiceLocator\SpringServiceLocator.csproj", "{DE7F508E-6D5B-4620-AC4D-98A3C1CCD3E0}"
EndProject
Project("{FAE04EC0-301F-11D3-BF4B-00C04F79EFBC}") = "Spring.CodeConfigExt", "Source\Spring.CodeConfigExt\Spring.CodeConfigExt.csproj", "{A159A680-E4A5-413B-89D5-5BF6F9D58711}"
EndProject
Project("{2150E333-8FDC-42A3-9474-1A3956D46DE8}") = "Source", "Source", "{399AE23E-F677-46F6-B6F6-70D1B0D31838}"
EndProject
Project("{2150E333-8FDC-42A3-9474-1A3956D46DE8}") = "Test", "Test", "{06F062BE-C233-4761-8191-13A747DA408D}"
EndProject
Project("{FAE04EC0-301F-11D3-BF4B-00C04F79EFBC}") = "Spring.CodeConfigExt.Tests", "..\Test\Spring.CodeConfigExt.Tests\Spring.CodeConfigExt.Tests.csproj", "{54342D9C-8BD1-47CD-B477-C918CE9146E5}"
EndProject
Project("{FAE04EC0-301F-11D3-BF4B-00C04F79EFBC}") = "Nuaguil.Utils.Tests", "Test\Nuaguil.Utils.Tests\Nuaguil.Utils.Tests.csproj", "{5C24FDAD-8ECB-401C-AA78-7CF2D22047AC}"
EndProject
Project("{FAE04EC0-301F-11D3-BF4B-00C04F79EFBC}") = "WCFChannelManager.Tests", "Test\WCFChannelManager.Tests\WCFChannelManager.Tests.csproj", "{6C83E0C8-80E3-4E72-88F4-7C6A844AD6E5}"
EndProject
Project("{2150E333-8FDC-42A3-9474-1A3956D46DE8}") = ".nuget", ".nuget", "{32B14C42-D5F8-4AC9-B627-089E508D10F4}"
	ProjectSection(SolutionItems) = preProject
		Source\.nuget\packages.config = Source\.nuget\packages.config
	EndProjectSection
EndProject
Project("{FAE04EC0-301F-11D3-BF4B-00C04F79EFBC}") = "NhContrib", "Source\NhContrib\NhContrib.csproj", "{99246168-7EC8-46E2-90BC-FD6509245525}"
EndProject
Global
	GlobalSection(SolutionConfigurationPlatforms) = preSolution
		Debug|Any CPU = Debug|Any CPU
		Release|Any CPU = Release|Any CPU
	EndGlobalSection
	GlobalSection(ProjectConfigurationPlatforms) = postSolution
		{D4EE9DC7-6A1A-4353-AEC5-E85CE24055B8}.Debug|Any CPU.ActiveCfg = Debug|Any CPU
		{D4EE9DC7-6A1A-4353-AEC5-E85CE24055B8}.Debug|Any CPU.Build.0 = Debug|Any CPU
		{D4EE9DC7-6A1A-4353-AEC5-E85CE24055B8}.Release|Any CPU.ActiveCfg = Release|Any CPU
		{D4EE9DC7-6A1A-4353-AEC5-E85CE24055B8}.Release|Any CPU.Build.0 = Release|Any CPU
		{489DCEB2-2878-456A-AC11-579F016CBE16}.Debug|Any CPU.ActiveCfg = Debug|Any CPU
		{489DCEB2-2878-456A-AC11-579F016CBE16}.Debug|Any CPU.Build.0 = Debug|Any CPU
		{489DCEB2-2878-456A-AC11-579F016CBE16}.Release|Any CPU.ActiveCfg = Release|Any CPU
		{489DCEB2-2878-456A-AC11-579F016CBE16}.Release|Any CPU.Build.0 = Release|Any CPU
		{AED8C752-BE39-4EF9-9B57-283E2A9D7CB3}.Debug|Any CPU.ActiveCfg = Debug|Any CPU
		{AED8C752-BE39-4EF9-9B57-283E2A9D7CB3}.Debug|Any CPU.Build.0 = Debug|Any CPU
		{AED8C752-BE39-4EF9-9B57-283E2A9D7CB3}.Release|Any CPU.ActiveCfg = Release|Any CPU
		{AED8C752-BE39-4EF9-9B57-283E2A9D7CB3}.Release|Any CPU.Build.0 = Release|Any CPU
		{151824F0-BDD0-4D40-ADC3-D11F54B9A92E}.Debug|Any CPU.ActiveCfg = Debug|Any CPU
		{151824F0-BDD0-4D40-ADC3-D11F54B9A92E}.Debug|Any CPU.Build.0 = Debug|Any CPU
		{151824F0-BDD0-4D40-ADC3-D11F54B9A92E}.Release|Any CPU.ActiveCfg = Release|Any CPU
		{151824F0-BDD0-4D40-ADC3-D11F54B9A92E}.Release|Any CPU.Build.0 = Release|Any CPU
		{00429868-D536-4EE1-BC9A-23781D6C9D0F}.Debug|Any CPU.ActiveCfg = Debug|Any CPU
		{00429868-D536-4EE1-BC9A-23781D6C9D0F}.Debug|Any CPU.Build.0 = Debug|Any CPU
		{00429868-D536-4EE1-BC9A-23781D6C9D0F}.Release|Any CPU.ActiveCfg = Release|Any CPU
		{00429868-D536-4EE1-BC9A-23781D6C9D0F}.Release|Any CPU.Build.0 = Release|Any CPU
		{11E0B6A6-62CD-46A3-B1BD-06688ADAB8C0}.Debug|Any CPU.ActiveCfg = Debug|Any CPU
		{11E0B6A6-62CD-46A3-B1BD-06688ADAB8C0}.Debug|Any CPU.Build.0 = Debug|Any CPU
		{11E0B6A6-62CD-46A3-B1BD-06688ADAB8C0}.Release|Any CPU.ActiveCfg = Release|Any CPU
		{11E0B6A6-62CD-46A3-B1BD-06688ADAB8C0}.Release|Any CPU.Build.0 = Release|Any CPU
		{E94EB6C3-E81F-4C5C-BEDE-B4CC79D0E938}.Debug|Any CPU.ActiveCfg = Debug|Any CPU
		{E94EB6C3-E81F-4C5C-BEDE-B4CC79D0E938}.Debug|Any CPU.Build.0 = Debug|Any CPU
		{E94EB6C3-E81F-4C5C-BEDE-B4CC79D0E938}.Release|Any CPU.ActiveCfg = Release|Any CPU
		{E94EB6C3-E81F-4C5C-BEDE-B4CC79D0E938}.Release|Any CPU.Build.0 = Release|Any CPU
		{D874EB44-D24D-44A7-9519-205F9CD1C191}.Debug|Any CPU.ActiveCfg = Debug|Any CPU
		{D874EB44-D24D-44A7-9519-205F9CD1C191}.Debug|Any CPU.Build.0 = Debug|Any CPU
		{D874EB44-D24D-44A7-9519-205F9CD1C191}.Release|Any CPU.ActiveCfg = Release|Any CPU
		{D874EB44-D24D-44A7-9519-205F9CD1C191}.Release|Any CPU.Build.0 = Release|Any CPU
		{A1B7BE4C-713E-41E7-A0A5-9F84C74452A7}.Debug|Any CPU.ActiveCfg = Debug|Any CPU
		{A1B7BE4C-713E-41E7-A0A5-9F84C74452A7}.Debug|Any CPU.Build.0 = Debug|Any CPU
		{A1B7BE4C-713E-41E7-A0A5-9F84C74452A7}.Release|Any CPU.ActiveCfg = Release|Any CPU
		{A1B7BE4C-713E-41E7-A0A5-9F84C74452A7}.Release|Any CPU.Build.0 = Release|Any CPU
		{513D7303-A709-459B-8782-A6DD6E9CE648}.Debug|Any CPU.ActiveCfg = Debug|Any CPU
		{513D7303-A709-459B-8782-A6DD6E9CE648}.Debug|Any CPU.Build.0 = Debug|Any CPU
		{513D7303-A709-459B-8782-A6DD6E9CE648}.Release|Any CPU.ActiveCfg = Release|Any CPU
		{513D7303-A709-459B-8782-A6DD6E9CE648}.Release|Any CPU.Build.0 = Release|Any CPU
		{CE923DC1-4099-4B6F-BC2D-0595B7B1C513}.Debug|Any CPU.ActiveCfg = Debug|Any CPU
		{CE923DC1-4099-4B6F-BC2D-0595B7B1C513}.Debug|Any CPU.Build.0 = Debug|Any CPU
		{CE923DC1-4099-4B6F-BC2D-0595B7B1C513}.Release|Any CPU.ActiveCfg = Release|Any CPU
		{CE923DC1-4099-4B6F-BC2D-0595B7B1C513}.Release|Any CPU.Build.0 = Release|Any CPU
		{064A003C-6722-4515-9F75-DE9E6A2B4265}.Debug|Any CPU.ActiveCfg = Debug|Any CPU
		{064A003C-6722-4515-9F75-DE9E6A2B4265}.Debug|Any CPU.Build.0 = Debug|Any CPU
		{064A003C-6722-4515-9F75-DE9E6A2B4265}.Release|Any CPU.ActiveCfg = Release|Any CPU
		{064A003C-6722-4515-9F75-DE9E6A2B4265}.Release|Any CPU.Build.0 = Release|Any CPU
		{8D7CE13A-91BB-4ABF-A7F5-0D43AB22A5C8}.Debug|Any CPU.ActiveCfg = Debug|Any CPU
		{8D7CE13A-91BB-4ABF-A7F5-0D43AB22A5C8}.Debug|Any CPU.Build.0 = Debug|Any CPU
		{8D7CE13A-91BB-4ABF-A7F5-0D43AB22A5C8}.Release|Any CPU.ActiveCfg = Release|Any CPU
		{8D7CE13A-91BB-4ABF-A7F5-0D43AB22A5C8}.Release|Any CPU.Build.0 = Release|Any CPU
		{BEDA5FA5-A155-4272-9A7E-E31B51874269}.Debug|Any CPU.ActiveCfg = Debug|Any CPU
		{BEDA5FA5-A155-4272-9A7E-E31B51874269}.Debug|Any CPU.Build.0 = Debug|Any CPU
		{BEDA5FA5-A155-4272-9A7E-E31B51874269}.Release|Any CPU.ActiveCfg = Release|Any CPU
		{BEDA5FA5-A155-4272-9A7E-E31B51874269}.Release|Any CPU.Build.0 = Release|Any CPU
		{DE7F508E-6D5B-4620-AC4D-98A3C1CCD3E0}.Debug|Any CPU.ActiveCfg = Debug|Any CPU
		{DE7F508E-6D5B-4620-AC4D-98A3C1CCD3E0}.Debug|Any CPU.Build.0 = Debug|Any CPU
		{DE7F508E-6D5B-4620-AC4D-98A3C1CCD3E0}.Release|Any CPU.ActiveCfg = Release|Any CPU
		{DE7F508E-6D5B-4620-AC4D-98A3C1CCD3E0}.Release|Any CPU.Build.0 = Release|Any CPU
		{A159A680-E4A5-413B-89D5-5BF6F9D58711}.Debug|Any CPU.ActiveCfg = Debug|Any CPU
		{A159A680-E4A5-413B-89D5-5BF6F9D58711}.Debug|Any CPU.Build.0 = Debug|Any CPU
		{A159A680-E4A5-413B-89D5-5BF6F9D58711}.Release|Any CPU.ActiveCfg = Release|Any CPU
		{A159A680-E4A5-413B-89D5-5BF6F9D58711}.Release|Any CPU.Build.0 = Release|Any CPU
		{54342D9C-8BD1-47CD-B477-C918CE9146E5}.Debug|Any CPU.ActiveCfg = Debug|Any CPU
		{54342D9C-8BD1-47CD-B477-C918CE9146E5}.Debug|Any CPU.Build.0 = Debug|Any CPU
		{54342D9C-8BD1-47CD-B477-C918CE9146E5}.Release|Any CPU.ActiveCfg = Release|Any CPU
		{54342D9C-8BD1-47CD-B477-C918CE9146E5}.Release|Any CPU.Build.0 = Release|Any CPU
		{5C24FDAD-8ECB-401C-AA78-7CF2D22047AC}.Debug|Any CPU.ActiveCfg = Debug|Any CPU
		{5C24FDAD-8ECB-401C-AA78-7CF2D22047AC}.Debug|Any CPU.Build.0 = Debug|Any CPU
		{5C24FDAD-8ECB-401C-AA78-7CF2D22047AC}.Release|Any CPU.ActiveCfg = Release|Any CPU
		{5C24FDAD-8ECB-401C-AA78-7CF2D22047AC}.Release|Any CPU.Build.0 = Release|Any CPU
		{6C83E0C8-80E3-4E72-88F4-7C6A844AD6E5}.Debug|Any CPU.ActiveCfg = Debug|Any CPU
		{6C83E0C8-80E3-4E72-88F4-7C6A844AD6E5}.Debug|Any CPU.Build.0 = Debug|Any CPU
		{6C83E0C8-80E3-4E72-88F4-7C6A844AD6E5}.Release|Any CPU.ActiveCfg = Release|Any CPU
		{6C83E0C8-80E3-4E72-88F4-7C6A844AD6E5}.Release|Any CPU.Build.0 = Release|Any CPU
		{99246168-7EC8-46E2-90BC-FD6509245525}.Debug|Any CPU.ActiveCfg = Debug|Any CPU
		{99246168-7EC8-46E2-90BC-FD6509245525}.Debug|Any CPU.Build.0 = Debug|Any CPU
		{99246168-7EC8-46E2-90BC-FD6509245525}.Release|Any CPU.ActiveCfg = Release|Any CPU
		{99246168-7EC8-46E2-90BC-FD6509245525}.Release|Any CPU.Build.0 = Release|Any CPU
	EndGlobalSection
	GlobalSection(SolutionProperties) = preSolution
		HideSolutionNode = FALSE
	EndGlobalSection
	GlobalSection(NestedProjects) = preSolution
		{D4EE9DC7-6A1A-4353-AEC5-E85CE24055B8} = {38818751-81B4-440F-9BDD-20234B5085C3}
		{489DCEB2-2878-456A-AC11-579F016CBE16} = {9FF75BD3-90D9-4C93-BF4C-7F876641A095}
		{AED8C752-BE39-4EF9-9B57-283E2A9D7CB3} = {24CC421D-6B1F-47D1-964C-21C69B58715A}
		{151824F0-BDD0-4D40-ADC3-D11F54B9A92E} = {24CC421D-6B1F-47D1-964C-21C69B58715A}
		{00429868-D536-4EE1-BC9A-23781D6C9D0F} = {38818751-81B4-440F-9BDD-20234B5085C3}
		{11E0B6A6-62CD-46A3-B1BD-06688ADAB8C0} = {9FF75BD3-90D9-4C93-BF4C-7F876641A095}
		{E94EB6C3-E81F-4C5C-BEDE-B4CC79D0E938} = {7E8EEF10-9E53-4ABD-9572-08EBEA62DAF5}
		{D874EB44-D24D-44A7-9519-205F9CD1C191} = {7E8EEF10-9E53-4ABD-9572-08EBEA62DAF5}
		{9FF75BD3-90D9-4C93-BF4C-7F876641A095} = {399AE23E-F677-46F6-B6F6-70D1B0D31838}
		{7E8EEF10-9E53-4ABD-9572-08EBEA62DAF5} = {399AE23E-F677-46F6-B6F6-70D1B0D31838}
		{24CC421D-6B1F-47D1-964C-21C69B58715A} = {399AE23E-F677-46F6-B6F6-70D1B0D31838}
		{38818751-81B4-440F-9BDD-20234B5085C3} = {399AE23E-F677-46F6-B6F6-70D1B0D31838}
		{C0FC5B0F-5765-45FF-8C64-C57615C1EBE0} = {399AE23E-F677-46F6-B6F6-70D1B0D31838}
		{A1B7BE4C-713E-41E7-A0A5-9F84C74452A7} = {C0FC5B0F-5765-45FF-8C64-C57615C1EBE0}
		{97E0480F-934C-419A-AB48-87D22A1741FD} = {399AE23E-F677-46F6-B6F6-70D1B0D31838}
		{513D7303-A709-459B-8782-A6DD6E9CE648} = {97E0480F-934C-419A-AB48-87D22A1741FD}
		{CE923DC1-4099-4B6F-BC2D-0595B7B1C513} = {97E0480F-934C-419A-AB48-87D22A1741FD}
		{064A003C-6722-4515-9F75-DE9E6A2B4265} = {24CC421D-6B1F-47D1-964C-21C69B58715A}
		{8D7CE13A-91BB-4ABF-A7F5-0D43AB22A5C8} = {7E8EEF10-9E53-4ABD-9572-08EBEA62DAF5}
		{BEDA5FA5-A155-4272-9A7E-E31B51874269} = {C0FC5B0F-5765-45FF-8C64-C57615C1EBE0}
		{DE7F508E-6D5B-4620-AC4D-98A3C1CCD3E0} = {C0FC5B0F-5765-45FF-8C64-C57615C1EBE0}
		{A159A680-E4A5-413B-89D5-5BF6F9D58711} = {C0FC5B0F-5765-45FF-8C64-C57615C1EBE0}
		{54342D9C-8BD1-47CD-B477-C918CE9146E5} = {06F062BE-C233-4761-8191-13A747DA408D}
		{5C24FDAD-8ECB-401C-AA78-7CF2D22047AC} = {06F062BE-C233-4761-8191-13A747DA408D}
		{6C83E0C8-80E3-4E72-88F4-7C6A844AD6E5} = {06F062BE-C233-4761-8191-13A747DA408D}
		{99246168-7EC8-46E2-90BC-FD6509245525} = {9FF75BD3-90D9-4C93-BF4C-7F876641A095}
	EndGlobalSection
	GlobalSection(PowerDesigner) = preSolution
		HasSWS = 1
	EndGlobalSection
EndGlobal
