
Microsoft Visual Studio Solution File, Format Version 11.00
# Visual Studio 2010
Project("{FAE04EC0-301F-11D3-BF4B-00C04F79EFBC}") = "SpectralSpring", "SpectralSpring\SpectralSpring.csproj", "{4BB6DF5F-C6ED-40E5-9ED2-B759519C4C96}"
EndProject
Project("{FAE04EC0-301F-11D3-BF4B-00C04F79EFBC}") = "SpectralSpring.Test", "SpectralSpring.Test\SpectralSpring.Test.csproj", "{C90C85F5-780A-4D96-96D6-7F503C51F001}"
	ProjectSection(ProjectDependencies) = postProject
		{4BB6DF5F-C6ED-40E5-9ED2-B759519C4C96} = {4BB6DF5F-C6ED-40E5-9ED2-B759519C4C96}
	EndProjectSection
EndProject
Project("{FAE04EC0-301F-11D3-BF4B-00C04F79EFBC}") = "SpectralSpring.Sample", "SpectralSpring.Sample\SpectralSpring.Sample.csproj", "{F3725988-7808-4057-AB26-BF9FCF8760DF}"
	ProjectSection(ProjectDependencies) = postProject
		{4BB6DF5F-C6ED-40E5-9ED2-B759519C4C96} = {4BB6DF5F-C6ED-40E5-9ED2-B759519C4C96}
		{C5EC7066-3DFA-4A1D-A145-216B0F2A6BB3} = {C5EC7066-3DFA-4A1D-A145-216B0F2A6BB3}
		{03C43185-FC10-471A-BEED-C4F336EDB14D} = {03C43185-FC10-471A-BEED-C4F336EDB14D}
	EndProjectSection
EndProject
Project("{FAE04EC0-301F-11D3-BF4B-00C04F79EFBC}") = "SpectralSpring.Sample.Module1", "SpectralSpring.Sample.Module1\SpectralSpring.Sample.Module1.csproj", "{03C43185-FC10-471A-BEED-C4F336EDB14D}"
	ProjectSection(ProjectDependencies) = postProject
		{4BB6DF5F-C6ED-40E5-9ED2-B759519C4C96} = {4BB6DF5F-C6ED-40E5-9ED2-B759519C4C96}
	EndProjectSection
EndProject
Project("{FAE04EC0-301F-11D3-BF4B-00C04F79EFBC}") = "SpectralSpring.Sample.Module2", "SpectralSpring.Sample.Module2\SpectralSpring.Sample.Module2.csproj", "{C5EC7066-3DFA-4A1D-A145-216B0F2A6BB3}"
	ProjectSection(ProjectDependencies) = postProject
		{4BB6DF5F-C6ED-40E5-9ED2-B759519C4C96} = {4BB6DF5F-C6ED-40E5-9ED2-B759519C4C96}
	EndProjectSection
EndProject
Global
	GlobalSection(SolutionConfigurationPlatforms) = preSolution
		Debug|Any CPU = Debug|Any CPU
		Debug|Mixed Platforms = Debug|Mixed Platforms
		Debug|x86 = Debug|x86
		Release|Any CPU = Release|Any CPU
		Release|Mixed Platforms = Release|Mixed Platforms
		Release|x86 = Release|x86
	EndGlobalSection
	GlobalSection(ProjectConfigurationPlatforms) = postSolution
		{4BB6DF5F-C6ED-40E5-9ED2-B759519C4C96}.Debug|Any CPU.ActiveCfg = Debug|Any CPU
		{4BB6DF5F-C6ED-40E5-9ED2-B759519C4C96}.Debug|Any CPU.Build.0 = Debug|Any CPU
		{4BB6DF5F-C6ED-40E5-9ED2-B759519C4C96}.Debug|Mixed Platforms.ActiveCfg = Debug|Any CPU
		{4BB6DF5F-C6ED-40E5-9ED2-B759519C4C96}.Debug|Mixed Platforms.Build.0 = Debug|Any CPU
		{4BB6DF5F-C6ED-40E5-9ED2-B759519C4C96}.Debug|x86.ActiveCfg = Debug|Any CPU
		{4BB6DF5F-C6ED-40E5-9ED2-B759519C4C96}.Release|Any CPU.ActiveCfg = Release|Any CPU
		{4BB6DF5F-C6ED-40E5-9ED2-B759519C4C96}.Release|Any CPU.Build.0 = Release|Any CPU
		{4BB6DF5F-C6ED-40E5-9ED2-B759519C4C96}.Release|Mixed Platforms.ActiveCfg = Release|Any CPU
		{4BB6DF5F-C6ED-40E5-9ED2-B759519C4C96}.Release|Mixed Platforms.Build.0 = Release|Any CPU
		{4BB6DF5F-C6ED-40E5-9ED2-B759519C4C96}.Release|x86.ActiveCfg = Release|Any CPU
		{C90C85F5-780A-4D96-96D6-7F503C51F001}.Debug|Any CPU.ActiveCfg = Debug|Any CPU
		{C90C85F5-780A-4D96-96D6-7F503C51F001}.Debug|Any CPU.Build.0 = Debug|Any CPU
		{C90C85F5-780A-4D96-96D6-7F503C51F001}.Debug|Mixed Platforms.ActiveCfg = Debug|Any CPU
		{C90C85F5-780A-4D96-96D6-7F503C51F001}.Debug|Mixed Platforms.Build.0 = Debug|Any CPU
		{C90C85F5-780A-4D96-96D6-7F503C51F001}.Debug|x86.ActiveCfg = Debug|Any CPU
		{C90C85F5-780A-4D96-96D6-7F503C51F001}.Release|Any CPU.ActiveCfg = Release|Any CPU
		{C90C85F5-780A-4D96-96D6-7F503C51F001}.Release|Any CPU.Build.0 = Release|Any CPU
		{C90C85F5-780A-4D96-96D6-7F503C51F001}.Release|Mixed Platforms.ActiveCfg = Release|Any CPU
		{C90C85F5-780A-4D96-96D6-7F503C51F001}.Release|Mixed Platforms.Build.0 = Release|Any CPU
		{C90C85F5-780A-4D96-96D6-7F503C51F001}.Release|x86.ActiveCfg = Release|Any CPU
		{F3725988-7808-4057-AB26-BF9FCF8760DF}.Debug|Any CPU.ActiveCfg = Debug|x86
		{F3725988-7808-4057-AB26-BF9FCF8760DF}.Debug|Mixed Platforms.ActiveCfg = Debug|x86
		{F3725988-7808-4057-AB26-BF9FCF8760DF}.Debug|Mixed Platforms.Build.0 = Debug|x86
		{F3725988-7808-4057-AB26-BF9FCF8760DF}.Debug|x86.ActiveCfg = Debug|x86
		{F3725988-7808-4057-AB26-BF9FCF8760DF}.Debug|x86.Build.0 = Debug|x86
		{F3725988-7808-4057-AB26-BF9FCF8760DF}.Release|Any CPU.ActiveCfg = Release|x86
		{F3725988-7808-4057-AB26-BF9FCF8760DF}.Release|Mixed Platforms.ActiveCfg = Release|x86
		{F3725988-7808-4057-AB26-BF9FCF8760DF}.Release|Mixed Platforms.Build.0 = Release|x86
		{F3725988-7808-4057-AB26-BF9FCF8760DF}.Release|x86.ActiveCfg = Release|x86
		{F3725988-7808-4057-AB26-BF9FCF8760DF}.Release|x86.Build.0 = Release|x86
		{03C43185-FC10-471A-BEED-C4F336EDB14D}.Debug|Any CPU.ActiveCfg = Debug|Any CPU
		{03C43185-FC10-471A-BEED-C4F336EDB14D}.Debug|Any CPU.Build.0 = Debug|Any CPU
		{03C43185-FC10-471A-BEED-C4F336EDB14D}.Debug|Mixed Platforms.ActiveCfg = Debug|Any CPU
		{03C43185-FC10-471A-BEED-C4F336EDB14D}.Debug|Mixed Platforms.Build.0 = Debug|Any CPU
		{03C43185-FC10-471A-BEED-C4F336EDB14D}.Debug|x86.ActiveCfg = Debug|Any CPU
		{03C43185-FC10-471A-BEED-C4F336EDB14D}.Release|Any CPU.ActiveCfg = Release|Any CPU
		{03C43185-FC10-471A-BEED-C4F336EDB14D}.Release|Any CPU.Build.0 = Release|Any CPU
		{03C43185-FC10-471A-BEED-C4F336EDB14D}.Release|Mixed Platforms.ActiveCfg = Release|Any CPU
		{03C43185-FC10-471A-BEED-C4F336EDB14D}.Release|Mixed Platforms.Build.0 = Release|Any CPU
		{03C43185-FC10-471A-BEED-C4F336EDB14D}.Release|x86.ActiveCfg = Release|Any CPU
		{C5EC7066-3DFA-4A1D-A145-216B0F2A6BB3}.Debug|Any CPU.ActiveCfg = Debug|Any CPU
		{C5EC7066-3DFA-4A1D-A145-216B0F2A6BB3}.Debug|Any CPU.Build.0 = Debug|Any CPU
		{C5EC7066-3DFA-4A1D-A145-216B0F2A6BB3}.Debug|Mixed Platforms.ActiveCfg = Debug|Any CPU
		{C5EC7066-3DFA-4A1D-A145-216B0F2A6BB3}.Debug|Mixed Platforms.Build.0 = Debug|Any CPU
		{C5EC7066-3DFA-4A1D-A145-216B0F2A6BB3}.Debug|x86.ActiveCfg = Debug|Any CPU
		{C5EC7066-3DFA-4A1D-A145-216B0F2A6BB3}.Release|Any CPU.ActiveCfg = Release|Any CPU
		{C5EC7066-3DFA-4A1D-A145-216B0F2A6BB3}.Release|Any CPU.Build.0 = Release|Any CPU
		{C5EC7066-3DFA-4A1D-A145-216B0F2A6BB3}.Release|Mixed Platforms.ActiveCfg = Release|Any CPU
		{C5EC7066-3DFA-4A1D-A145-216B0F2A6BB3}.Release|Mixed Platforms.Build.0 = Release|Any CPU
		{C5EC7066-3DFA-4A1D-A145-216B0F2A6BB3}.Release|x86.ActiveCfg = Release|Any CPU
	EndGlobalSection
	GlobalSection(SolutionProperties) = preSolution
		HideSolutionNode = FALSE
	EndGlobalSection
EndGlobal
